
Microsoft Visual Studio Solution File, Format Version 12.00
# Visual Studio Version 17
VisualStudioVersion = 17.3.32929.385
MinimumVisualStudioVersion = 10.0.40219.1
Project("{FAE04EC0-301F-11D3-BF4B-00C04F79EFBC}") = "shigLeBot", "shigLeBot\shigLeBot.csproj", "{40AA6A1E-8019-47AF-830B-BEC624390ECB}"
EndProject
Global
	GlobalSection(SolutionConfigurationPlatforms) = preSolution
		Debug|Any CPU = Debug|Any CPU
		Release|Any CPU = Release|Any CPU
	EndGlobalSection
	GlobalSection(ProjectConfigurationPlatforms) = postSolution
		{40AA6A1E-8019-47AF-830B-BEC624390ECB}.Debug|Any CPU.ActiveCfg = Debug|Any CPU
		{40AA6A1E-8019-47AF-830B-BEC624390ECB}.Debug|Any CPU.Build.0 = Debug|Any CPU
		{40AA6A1E-8019-47AF-830B-BEC624390ECB}.Release|Any CPU.ActiveCfg = Release|Any CPU
		{40AA6A1E-8019-47AF-830B-BEC624390ECB}.Release|Any CPU.Build.0 = Release|Any CPU
	EndGlobalSection
	GlobalSection(SolutionProperties) = preSolution
		HideSolutionNode = FALSE
	EndGlobalSection
	GlobalSection(ExtensibilityGlobals) = postSolution
		SolutionGuid = {51411F5E-10B7-4FEC-BEFA-B21B742CBD37}
	EndGlobalSection
EndGlobal
